// !$*UTF8*$!
{
	archiveVersion = 1;
	classes = {
	};
	objectVersion = 46;
	objects = {

/* Begin PBXBuildFile section */
		186EF9551B7FB4C700AF9A57 /* AppDelegate.swift in Sources */ = {isa = PBXBuildFile; fileRef = 186EF9541B7FB4C700AF9A57 /* AppDelegate.swift */; };
		186EF9571B7FB4C700AF9A57 /* FirstViewController.swift in Sources */ = {isa = PBXBuildFile; fileRef = 186EF9561B7FB4C700AF9A57 /* FirstViewController.swift */; };
		186EF9591B7FB4C700AF9A57 /* SecondViewController.swift in Sources */ = {isa = PBXBuildFile; fileRef = 186EF9581B7FB4C700AF9A57 /* SecondViewController.swift */; };
		186EF95C1B7FB4C700AF9A57 /* Main.storyboard in Resources */ = {isa = PBXBuildFile; fileRef = 186EF95A1B7FB4C700AF9A57 /* Main.storyboard */; };
		186EF95E1B7FB4C800AF9A57 /* Images.xcassets in Resources */ = {isa = PBXBuildFile; fileRef = 186EF95D1B7FB4C800AF9A57 /* Images.xcassets */; };
		186EF9611B7FB4C800AF9A57 /* LaunchScreen.xib in Resources */ = {isa = PBXBuildFile; fileRef = 186EF95F1B7FB4C800AF9A57 /* LaunchScreen.xib */; };
		186EF96D1B7FB4C800AF9A57 /* DeiveTests.swift in Sources */ = {isa = PBXBuildFile; fileRef = 186EF96C1B7FB4C800AF9A57 /* DeiveTests.swift */; };
		18918DD11B7FD73500134B4D /* Bolts.framework in Frameworks */ = {isa = PBXBuildFile; fileRef = 18918DCA1B7FD73500134B4D /* Bolts.framework */; };
		18918DD21B7FD73500134B4D /* Parse.framework in Frameworks */ = {isa = PBXBuildFile; fileRef = 18918DCB1B7FD73500134B4D /* Parse.framework */; };
		18918DD31B7FD73500134B4D /* ParseCrashReporting.framework in Frameworks */ = {isa = PBXBuildFile; fileRef = 18918DCC1B7FD73500134B4D /* ParseCrashReporting.framework */; };
		18918DD41B7FD73500134B4D /* ParseFacebookUtils.framework in Frameworks */ = {isa = PBXBuildFile; fileRef = 18918DCD1B7FD73500134B4D /* ParseFacebookUtils.framework */; };
		18918DD51B7FD73500134B4D /* ParseFacebookUtilsV4.framework in Frameworks */ = {isa = PBXBuildFile; fileRef = 18918DCE1B7FD73500134B4D /* ParseFacebookUtilsV4.framework */; };
		18918DD61B7FD73500134B4D /* ParseTwitterUtils.framework in Frameworks */ = {isa = PBXBuildFile; fileRef = 18918DCF1B7FD73500134B4D /* ParseTwitterUtils.framework */; };
		18918DD71B7FD73500134B4D /* ParseUI.framework in Frameworks */ = {isa = PBXBuildFile; fileRef = 18918DD01B7FD73500134B4D /* ParseUI.framework */; };
		18918DDA1B7FD78C00134B4D /* AudioToolbox.framework in Frameworks */ = {isa = PBXBuildFile; fileRef = 18918DD91B7FD78C00134B4D /* AudioToolbox.framework */; };
		18918DE01B7FD7B000134B4D /* CFNetwork.framework in Frameworks */ = {isa = PBXBuildFile; fileRef = 18918DDB1B7FD7B000134B4D /* CFNetwork.framework */; };
		18918DE11B7FD7B000134B4D /* CoreGraphics.framework in Frameworks */ = {isa = PBXBuildFile; fileRef = 18918DDC1B7FD7B000134B4D /* CoreGraphics.framework */; };
		18918DE21B7FD7B000134B4D /* CoreLocation.framework in Frameworks */ = {isa = PBXBuildFile; fileRef = 18918DDD1B7FD7B000134B4D /* CoreLocation.framework */; };
		18918DE31B7FD7B000134B4D /* QuartzCore.framework in Frameworks */ = {isa = PBXBuildFile; fileRef = 18918DDE1B7FD7B000134B4D /* QuartzCore.framework */; };
		18918DE41B7FD7B000134B4D /* Security.framework in Frameworks */ = {isa = PBXBuildFile; fileRef = 18918DDF1B7FD7B000134B4D /* Security.framework */; };
		18918DE61B7FD7B800134B4D /* StoreKit.framework in Frameworks */ = {isa = PBXBuildFile; fileRef = 18918DE51B7FD7B800134B4D /* StoreKit.framework */; };
		18918DE81B7FD7C000134B4D /* SystemConfiguration.framework in Frameworks */ = {isa = PBXBuildFile; fileRef = 18918DE71B7FD7C000134B4D /* SystemConfiguration.framework */; };
		18918DEB1B7FD7D900134B4D /* libsqlite3.dylib in Frameworks */ = {isa = PBXBuildFile; fileRef = 18918DE91B7FD7D900134B4D /* libsqlite3.dylib */; };
		18918DEC1B7FD7D900134B4D /* libz.dylib in Frameworks */ = {isa = PBXBuildFile; fileRef = 18918DEA1B7FD7D900134B4D /* libz.dylib */; };
/* End PBXBuildFile section */

/* Begin PBXContainerItemProxy section */
		186EF9671B7FB4C800AF9A57 /* PBXContainerItemProxy */ = {
			isa = PBXContainerItemProxy;
			containerPortal = 186EF9471B7FB4C700AF9A57 /* Project object */;
			proxyType = 1;
			remoteGlobalIDString = 186EF94E1B7FB4C700AF9A57;
			remoteInfo = Deive;
		};
/* End PBXContainerItemProxy section */

/* Begin PBXFileReference section */
		186EF94F1B7FB4C700AF9A57 /* Deive.app */ = {isa = PBXFileReference; explicitFileType = wrapper.application; includeInIndex = 0; path = Deive.app; sourceTree = BUILT_PRODUCTS_DIR; };
		186EF9531B7FB4C700AF9A57 /* Info.plist */ = {isa = PBXFileReference; lastKnownFileType = text.plist.xml; path = Info.plist; sourceTree = "<group>"; };
		186EF9541B7FB4C700AF9A57 /* AppDelegate.swift */ = {isa = PBXFileReference; lastKnownFileType = sourcecode.swift; path = AppDelegate.swift; sourceTree = "<group>"; };
		186EF9561B7FB4C700AF9A57 /* FirstViewController.swift */ = {isa = PBXFileReference; lastKnownFileType = sourcecode.swift; path = FirstViewController.swift; sourceTree = "<group>"; };
		186EF9581B7FB4C700AF9A57 /* SecondViewController.swift */ = {isa = PBXFileReference; lastKnownFileType = sourcecode.swift; path = SecondViewController.swift; sourceTree = "<group>"; };
		186EF95B1B7FB4C700AF9A57 /* Base */ = {isa = PBXFileReference; lastKnownFileType = file.storyboard; name = Base; path = Base.lproj/Main.storyboard; sourceTree = "<group>"; };
		186EF95D1B7FB4C800AF9A57 /* Images.xcassets */ = {isa = PBXFileReference; lastKnownFileType = folder.assetcatalog; path = Images.xcassets; sourceTree = "<group>"; };
		186EF9601B7FB4C800AF9A57 /* Base */ = {isa = PBXFileReference; lastKnownFileType = file.xib; name = Base; path = Base.lproj/LaunchScreen.xib; sourceTree = "<group>"; };
		186EF9661B7FB4C800AF9A57 /* DeiveTests.xctest */ = {isa = PBXFileReference; explicitFileType = wrapper.cfbundle; includeInIndex = 0; path = DeiveTests.xctest; sourceTree = BUILT_PRODUCTS_DIR; };
		186EF96B1B7FB4C800AF9A57 /* Info.plist */ = {isa = PBXFileReference; lastKnownFileType = text.plist.xml; path = Info.plist; sourceTree = "<group>"; };
		186EF96C1B7FB4C800AF9A57 /* DeiveTests.swift */ = {isa = PBXFileReference; lastKnownFileType = sourcecode.swift; path = DeiveTests.swift; sourceTree = "<group>"; };
		18918DCA1B7FD73500134B4D /* Bolts.framework */ = {isa = PBXFileReference; lastKnownFileType = wrapper.framework; path = Bolts.framework; sourceTree = "<group>"; };
		18918DCB1B7FD73500134B4D /* Parse.framework */ = {isa = PBXFileReference; lastKnownFileType = wrapper.framework; path = Parse.framework; sourceTree = "<group>"; };
		18918DCC1B7FD73500134B4D /* ParseCrashReporting.framework */ = {isa = PBXFileReference; lastKnownFileType = wrapper.framework; path = ParseCrashReporting.framework; sourceTree = "<group>"; };
		18918DCD1B7FD73500134B4D /* ParseFacebookUtils.framework */ = {isa = PBXFileReference; lastKnownFileType = wrapper.framework; path = ParseFacebookUtils.framework; sourceTree = "<group>"; };
		18918DCE1B7FD73500134B4D /* ParseFacebookUtilsV4.framework */ = {isa = PBXFileReference; lastKnownFileType = wrapper.framework; path = ParseFacebookUtilsV4.framework; sourceTree = "<group>"; };
		18918DCF1B7FD73500134B4D /* ParseTwitterUtils.framework */ = {isa = PBXFileReference; lastKnownFileType = wrapper.framework; path = ParseTwitterUtils.framework; sourceTree = "<group>"; };
		18918DD01B7FD73500134B4D /* ParseUI.framework */ = {isa = PBXFileReference; lastKnownFileType = wrapper.framework; path = ParseUI.framework; sourceTree = "<group>"; };
		18918DD91B7FD78C00134B4D /* AudioToolbox.framework */ = {isa = PBXFileReference; lastKnownFileType = wrapper.framework; name = AudioToolbox.framework; path = System/Library/Frameworks/AudioToolbox.framework; sourceTree = SDKROOT; };
		18918DDB1B7FD7B000134B4D /* CFNetwork.framework */ = {isa = PBXFileReference; lastKnownFileType = wrapper.framework; name = CFNetwork.framework; path = System/Library/Frameworks/CFNetwork.framework; sourceTree = SDKROOT; };
		18918DDC1B7FD7B000134B4D /* CoreGraphics.framework */ = {isa = PBXFileReference; lastKnownFileType = wrapper.framework; name = CoreGraphics.framework; path = System/Library/Frameworks/CoreGraphics.framework; sourceTree = SDKROOT; };
		18918DDD1B7FD7B000134B4D /* CoreLocation.framework */ = {isa = PBXFileReference; lastKnownFileType = wrapper.framework; name = CoreLocation.framework; path = System/Library/Frameworks/CoreLocation.framework; sourceTree = SDKROOT; };
		18918DDE1B7FD7B000134B4D /* QuartzCore.framework */ = {isa = PBXFileReference; lastKnownFileType = wrapper.framework; name = QuartzCore.framework; path = System/Library/Frameworks/QuartzCore.framework; sourceTree = SDKROOT; };
		18918DDF1B7FD7B000134B4D /* Security.framework */ = {isa = PBXFileReference; lastKnownFileType = wrapper.framework; name = Security.framework; path = System/Library/Frameworks/Security.framework; sourceTree = SDKROOT; };
		18918DE51B7FD7B800134B4D /* StoreKit.framework */ = {isa = PBXFileReference; lastKnownFileType = wrapper.framework; name = StoreKit.framework; path = System/Library/Frameworks/StoreKit.framework; sourceTree = SDKROOT; };
		18918DE71B7FD7C000134B4D /* SystemConfiguration.framework */ = {isa = PBXFileReference; lastKnownFileType = wrapper.framework; name = SystemConfiguration.framework; path = System/Library/Frameworks/SystemConfiguration.framework; sourceTree = SDKROOT; };
		18918DE91B7FD7D900134B4D /* libsqlite3.dylib */ = {isa = PBXFileReference; lastKnownFileType = "compiled.mach-o.dylib"; name = libsqlite3.dylib; path = usr/lib/libsqlite3.dylib; sourceTree = SDKROOT; };
		18918DEA1B7FD7D900134B4D /* libz.dylib */ = {isa = PBXFileReference; lastKnownFileType = "compiled.mach-o.dylib"; name = libz.dylib; path = usr/lib/libz.dylib; sourceTree = SDKROOT; };
/* End PBXFileReference section */

/* Begin PBXFrameworksBuildPhase section */
		186EF94C1B7FB4C700AF9A57 /* Frameworks */ = {
			isa = PBXFrameworksBuildPhase;
			buildActionMask = 2147483647;
			files = (
				18918DEB1B7FD7D900134B4D /* libsqlite3.dylib in Frameworks */,
				18918DEC1B7FD7D900134B4D /* libz.dylib in Frameworks */,
				18918DE81B7FD7C000134B4D /* SystemConfiguration.framework in Frameworks */,
				18918DE61B7FD7B800134B4D /* StoreKit.framework in Frameworks */,
				18918DE01B7FD7B000134B4D /* CFNetwork.framework in Frameworks */,
				18918DE11B7FD7B000134B4D /* CoreGraphics.framework in Frameworks */,
				18918DE21B7FD7B000134B4D /* CoreLocation.framework in Frameworks */,
				18918DE31B7FD7B000134B4D /* QuartzCore.framework in Frameworks */,
				18918DE41B7FD7B000134B4D /* Security.framework in Frameworks */,
				18918DDA1B7FD78C00134B4D /* AudioToolbox.framework in Frameworks */,
				18918DD21B7FD73500134B4D /* Parse.framework in Frameworks */,
				18918DD31B7FD73500134B4D /* ParseCrashReporting.framework in Frameworks */,
				18918DD71B7FD73500134B4D /* ParseUI.framework in Frameworks */,
				18918DD41B7FD73500134B4D /* ParseFacebookUtils.framework in Frameworks */,
				18918DD11B7FD73500134B4D /* Bolts.framework in Frameworks */,
				18918DD61B7FD73500134B4D /* ParseTwitterUtils.framework in Frameworks */,
				18918DD51B7FD73500134B4D /* ParseFacebookUtilsV4.framework in Frameworks */,
			);
			runOnlyForDeploymentPostprocessing = 0;
		};
		186EF9631B7FB4C800AF9A57 /* Frameworks */ = {
			isa = PBXFrameworksBuildPhase;
			buildActionMask = 2147483647;
			files = (
			);
			runOnlyForDeploymentPostprocessing = 0;
		};
/* End PBXFrameworksBuildPhase section */

/* Begin PBXGroup section */
		186EF9461B7FB4C700AF9A57 = {
			isa = PBXGroup;
			children = (
				186EF9511B7FB4C700AF9A57 /* Deive */,
				186EF9691B7FB4C800AF9A57 /* DeiveTests */,
				186EF9501B7FB4C700AF9A57 /* Products */,
			);
			sourceTree = "<group>";
		};
		186EF9501B7FB4C700AF9A57 /* Products */ = {
			isa = PBXGroup;
			children = (
				186EF94F1B7FB4C700AF9A57 /* Deive.app */,
				186EF9661B7FB4C800AF9A57 /* DeiveTests.xctest */,
			);
			name = Products;
			sourceTree = "<group>";
		};
		186EF9511B7FB4C700AF9A57 /* Deive */ = {
			isa = PBXGroup;
			children = (
				18918DD81B7FD73B00134B4D /* Framework */,
				186EF9541B7FB4C700AF9A57 /* AppDelegate.swift */,
				186EF9561B7FB4C700AF9A57 /* FirstViewController.swift */,
				186EF9581B7FB4C700AF9A57 /* SecondViewController.swift */,
				186EF95A1B7FB4C700AF9A57 /* Main.storyboard */,
				186EF95D1B7FB4C800AF9A57 /* Images.xcassets */,
				186EF95F1B7FB4C800AF9A57 /* LaunchScreen.xib */,
				186EF9521B7FB4C700AF9A57 /* Supporting Files */,
			);
			path = Deive;
			sourceTree = "<group>";
		};
		186EF9521B7FB4C700AF9A57 /* Supporting Files */ = {
			isa = PBXGroup;
			children = (
				186EF9531B7FB4C700AF9A57 /* Info.plist */,
			);
			name = "Supporting Files";
			sourceTree = "<group>";
		};
		186EF9691B7FB4C800AF9A57 /* DeiveTests */ = {
			isa = PBXGroup;
			children = (
				186EF96C1B7FB4C800AF9A57 /* DeiveTests.swift */,
				186EF96A1B7FB4C800AF9A57 /* Supporting Files */,
			);
			path = DeiveTests;
			sourceTree = "<group>";
		};
		186EF96A1B7FB4C800AF9A57 /* Supporting Files */ = {
			isa = PBXGroup;
			children = (
				186EF96B1B7FB4C800AF9A57 /* Info.plist */,
			);
			name = "Supporting Files";
			sourceTree = "<group>";
		};
		18918DD81B7FD73B00134B4D /* Framework */ = {
			isa = PBXGroup;
			children = (
				18918DE91B7FD7D900134B4D /* libsqlite3.dylib */,
				18918DEA1B7FD7D900134B4D /* libz.dylib */,
				18918DE71B7FD7C000134B4D /* SystemConfiguration.framework */,
				18918DE51B7FD7B800134B4D /* StoreKit.framework */,
				18918DDB1B7FD7B000134B4D /* CFNetwork.framework */,
				18918DDC1B7FD7B000134B4D /* CoreGraphics.framework */,
				18918DDD1B7FD7B000134B4D /* CoreLocation.framework */,
				18918DDE1B7FD7B000134B4D /* QuartzCore.framework */,
				18918DDF1B7FD7B000134B4D /* Security.framework */,
				18918DD91B7FD78C00134B4D /* AudioToolbox.framework */,
				18918DCA1B7FD73500134B4D /* Bolts.framework */,
				18918DCB1B7FD73500134B4D /* Parse.framework */,
				18918DCC1B7FD73500134B4D /* ParseCrashReporting.framework */,
				18918DCD1B7FD73500134B4D /* ParseFacebookUtils.framework */,
				18918DCE1B7FD73500134B4D /* ParseFacebookUtilsV4.framework */,
				18918DCF1B7FD73500134B4D /* ParseTwitterUtils.framework */,
				18918DD01B7FD73500134B4D /* ParseUI.framework */,
			);
			name = Framework;
			sourceTree = "<group>";
		};
/* End PBXGroup section */

/* Begin PBXNativeTarget section */
		186EF94E1B7FB4C700AF9A57 /* Deive */ = {
			isa = PBXNativeTarget;
			buildConfigurationList = 186EF9701B7FB4C800AF9A57 /* Build configuration list for PBXNativeTarget "Deive" */;
			buildPhases = (
				186EF94B1B7FB4C700AF9A57 /* Sources */,
				186EF94C1B7FB4C700AF9A57 /* Frameworks */,
				186EF94D1B7FB4C700AF9A57 /* Resources */,
			);
			buildRules = (
			);
			dependencies = (
			);
			name = Deive;
			productName = Deive;
			productReference = 186EF94F1B7FB4C700AF9A57 /* Deive.app */;
			productType = "com.apple.product-type.application";
		};
		186EF9651B7FB4C800AF9A57 /* DeiveTests */ = {
			isa = PBXNativeTarget;
			buildConfigurationList = 186EF9731B7FB4C800AF9A57 /* Build configuration list for PBXNativeTarget "DeiveTests" */;
			buildPhases = (
				186EF9621B7FB4C800AF9A57 /* Sources */,
				186EF9631B7FB4C800AF9A57 /* Frameworks */,
				186EF9641B7FB4C800AF9A57 /* Resources */,
			);
			buildRules = (
			);
			dependencies = (
				186EF9681B7FB4C800AF9A57 /* PBXTargetDependency */,
			);
			name = DeiveTests;
			productName = DeiveTests;
			productReference = 186EF9661B7FB4C800AF9A57 /* DeiveTests.xctest */;
			productType = "com.apple.product-type.bundle.unit-test";
		};
/* End PBXNativeTarget section */

/* Begin PBXProject section */
		186EF9471B7FB4C700AF9A57 /* Project object */ = {
			isa = PBXProject;
			attributes = {
				LastUpgradeCheck = 0640;
				ORGANIZATIONNAME = Sweatshop;
				TargetAttributes = {
					186EF94E1B7FB4C700AF9A57 = {
						CreatedOnToolsVersion = 6.4;
					};
					186EF9651B7FB4C800AF9A57 = {
						CreatedOnToolsVersion = 6.4;
						TestTargetID = 186EF94E1B7FB4C700AF9A57;
					};
				};
			};
			buildConfigurationList = 186EF94A1B7FB4C700AF9A57 /* Build configuration list for PBXProject "Deive" */;
			compatibilityVersion = "Xcode 3.2";
			developmentRegion = English;
			hasScannedForEncodings = 0;
			knownRegions = (
				en,
				Base,
			);
			mainGroup = 186EF9461B7FB4C700AF9A57;
			productRefGroup = 186EF9501B7FB4C700AF9A57 /* Products */;
			projectDirPath = "";
			projectRoot = "";
			targets = (
				186EF94E1B7FB4C700AF9A57 /* Deive */,
				186EF9651B7FB4C800AF9A57 /* DeiveTests */,
			);
		};
/* End PBXProject section */

/* Begin PBXResourcesBuildPhase section */
		186EF94D1B7FB4C700AF9A57 /* Resources */ = {
			isa = PBXResourcesBuildPhase;
			buildActionMask = 2147483647;
			files = (
				186EF95C1B7FB4C700AF9A57 /* Main.storyboard in Resources */,
				186EF9611B7FB4C800AF9A57 /* LaunchScreen.xib in Resources */,
				186EF95E1B7FB4C800AF9A57 /* Images.xcassets in Resources */,
			);
			runOnlyForDeploymentPostprocessing = 0;
		};
		186EF9641B7FB4C800AF9A57 /* Resources */ = {
			isa = PBXResourcesBuildPhase;
			buildActionMask = 2147483647;
			files = (
			);
			runOnlyForDeploymentPostprocessing = 0;
		};
/* End PBXResourcesBuildPhase section */

/* Begin PBXSourcesBuildPhase section */
		186EF94B1B7FB4C700AF9A57 /* Sources */ = {
			isa = PBXSourcesBuildPhase;
			buildActionMask = 2147483647;
			files = (
				186EF9591B7FB4C700AF9A57 /* SecondViewController.swift in Sources */,
				186EF9551B7FB4C700AF9A57 /* AppDelegate.swift in Sources */,
				186EF9571B7FB4C700AF9A57 /* FirstViewController.swift in Sources */,
			);
			runOnlyForDeploymentPostprocessing = 0;
		};
		186EF9621B7FB4C800AF9A57 /* Sources */ = {
			isa = PBXSourcesBuildPhase;
			buildActionMask = 2147483647;
			files = (
				186EF96D1B7FB4C800AF9A57 /* DeiveTests.swift in Sources */,
			);
			runOnlyForDeploymentPostprocessing = 0;
		};
/* End PBXSourcesBuildPhase section */

/* Begin PBXTargetDependency section */
		186EF9681B7FB4C800AF9A57 /* PBXTargetDependency */ = {
			isa = PBXTargetDependency;
			target = 186EF94E1B7FB4C700AF9A57 /* Deive */;
			targetProxy = 186EF9671B7FB4C800AF9A57 /* PBXContainerItemProxy */;
		};
/* End PBXTargetDependency section */

/* Begin PBXVariantGroup section */
		186EF95A1B7FB4C700AF9A57 /* Main.storyboard */ = {
			isa = PBXVariantGroup;
			children = (
				186EF95B1B7FB4C700AF9A57 /* Base */,
			);
			name = Main.storyboard;
			sourceTree = "<group>";
		};
		186EF95F1B7FB4C800AF9A57 /* LaunchScreen.xib */ = {
			isa = PBXVariantGroup;
			children = (
				186EF9601B7FB4C800AF9A57 /* Base */,
			);
			name = LaunchScreen.xib;
			sourceTree = "<group>";
		};
/* End PBXVariantGroup section */

/* Begin XCBuildConfiguration section */
		186EF96E1B7FB4C800AF9A57 /* Debug */ = {
			isa = XCBuildConfiguration;
			buildSettings = {
				ALWAYS_SEARCH_USER_PATHS = NO;
				CLANG_CXX_LANGUAGE_STANDARD = "gnu++0x";
				CLANG_CXX_LIBRARY = "libc++";
				CLANG_ENABLE_MODULES = YES;
				CLANG_ENABLE_OBJC_ARC = YES;
				CLANG_WARN_BOOL_CONVERSION = YES;
				CLANG_WARN_CONSTANT_CONVERSION = YES;
				CLANG_WARN_DIRECT_OBJC_ISA_USAGE = YES_ERROR;
				CLANG_WARN_EMPTY_BODY = YES;
				CLANG_WARN_ENUM_CONVERSION = YES;
				CLANG_WARN_INT_CONVERSION = YES;
				CLANG_WARN_OBJC_ROOT_CLASS = YES_ERROR;
				CLANG_WARN_UNREACHABLE_CODE = YES;
				CLANG_WARN__DUPLICATE_METHOD_MATCH = YES;
				"CODE_SIGN_IDENTITY[sdk=iphoneos*]" = "iPhone Developer";
				COPY_PHASE_STRIP = NO;
				DEBUG_INFORMATION_FORMAT = "dwarf-with-dsym";
				ENABLE_STRICT_OBJC_MSGSEND = YES;
				GCC_C_LANGUAGE_STANDARD = gnu99;
				GCC_DYNAMIC_NO_PIC = NO;
				GCC_NO_COMMON_BLOCKS = YES;
				GCC_OPTIMIZATION_LEVEL = 0;
				GCC_PREPROCESSOR_DEFINITIONS = (
					"DEBUG=1",
					"$(inherited)",
				);
				GCC_SYMBOLS_PRIVATE_EXTERN = NO;
				GCC_WARN_64_TO_32_BIT_CONVERSION = YES;
				GCC_WARN_ABOUT_RETURN_TYPE = YES_ERROR;
				GCC_WARN_UNDECLARED_SELECTOR = YES;
				GCC_WARN_UNINITIALIZED_AUTOS = YES_AGGRESSIVE;
				GCC_WARN_UNUSED_FUNCTION = YES;
				GCC_WARN_UNUSED_VARIABLE = YES;
				IPHONEOS_DEPLOYMENT_TARGET = 8.4;
				MTL_ENABLE_DEBUG_INFO = YES;
				ONLY_ACTIVE_ARCH = YES;
				SDKROOT = iphoneos;
				SWIFT_OPTIMIZATION_LEVEL = "-Onone";
			};
			name = Debug;
		};
		186EF96F1B7FB4C800AF9A57 /* Release */ = {
			isa = XCBuildConfiguration;
			buildSettings = {
				ALWAYS_SEARCH_USER_PATHS = NO;
				CLANG_CXX_LANGUAGE_STANDARD = "gnu++0x";
				CLANG_CXX_LIBRARY = "libc++";
				CLANG_ENABLE_MODULES = YES;
				CLANG_ENABLE_OBJC_ARC = YES;
				CLANG_WARN_BOOL_CONVERSION = YES;
				CLANG_WARN_CONSTANT_CONVERSION = YES;
				CLANG_WARN_DIRECT_OBJC_ISA_USAGE = YES_ERROR;
				CLANG_WARN_EMPTY_BODY = YES;
				CLANG_WARN_ENUM_CONVERSION = YES;
				CLANG_WARN_INT_CONVERSION = YES;
				CLANG_WARN_OBJC_ROOT_CLASS = YES_ERROR;
				CLANG_WARN_UNREACHABLE_CODE = YES;
				CLANG_WARN__DUPLICATE_METHOD_MATCH = YES;
				"CODE_SIGN_IDENTITY[sdk=iphoneos*]" = "iPhone Developer";
				COPY_PHASE_STRIP = NO;
				DEBUG_INFORMATION_FORMAT = "dwarf-with-dsym";
				ENABLE_NS_ASSERTIONS = NO;
				ENABLE_STRICT_OBJC_MSGSEND = YES;
				GCC_C_LANGUAGE_STANDARD = gnu99;
				GCC_NO_COMMON_BLOCKS = YES;
				GCC_WARN_64_TO_32_BIT_CONVERSION = YES;
				GCC_WARN_ABOUT_RETURN_TYPE = YES_ERROR;
				GCC_WARN_UNDECLARED_SELECTOR = YES;
				GCC_WARN_UNINITIALIZED_AUTOS = YES_AGGRESSIVE;
				GCC_WARN_UNUSED_FUNCTION = YES;
				GCC_WARN_UNUSED_VARIABLE = YES;
				IPHONEOS_DEPLOYMENT_TARGET = 8.4;
				MTL_ENABLE_DEBUG_INFO = NO;
				SDKROOT = iphoneos;
				VALIDATE_PRODUCT = YES;
			};
			name = Release;
		};
		186EF9711B7FB4C800AF9A57 /* Debug */ = {
			isa = XCBuildConfiguration;
			buildSettings = {
				ASSETCATALOG_COMPILER_APPICON_NAME = AppIcon;
				FRAMEWORK_SEARCH_PATHS = (
					"$(inherited)",
					"$(PROJECT_DIR)/Deive",
				);
				INFOPLIST_FILE = Deive/Info.plist;
				IPHONEOS_DEPLOYMENT_TARGET = 8.0;
				LD_RUNPATH_SEARCH_PATHS = "$(inherited) @executable_path/Frameworks";
				PRODUCT_NAME = "$(TARGET_NAME)";
			};
			name = Debug;
		};
		186EF9721B7FB4C800AF9A57 /* Release */ = {
			isa = XCBuildConfiguration;
			buildSettings = {
				ASSETCATALOG_COMPILER_APPICON_NAME = AppIcon;
				FRAMEWORK_SEARCH_PATHS = (
					"$(inherited)",
					"$(PROJECT_DIR)/Deive",
				);
				INFOPLIST_FILE = Deive/Info.plist;
				IPHONEOS_DEPLOYMENT_TARGET = 8.0;
				LD_RUNPATH_SEARCH_PATHS = "$(inherited) @executable_path/Frameworks";
				PRODUCT_NAME = "$(TARGET_NAME)";
			};
			name = Release;
		};
		186EF9741B7FB4C800AF9A57 /* Debug */ = {
			isa = XCBuildConfiguration;
			buildSettings = {
				BUNDLE_LOADER = "$(TEST_HOST)";
				FRAMEWORK_SEARCH_PATHS = (
					"$(SDKROOT)/Developer/Library/Frameworks",
					"$(inherited)",
				);
				GCC_PREPROCESSOR_DEFINITIONS = (
					"DEBUG=1",
					"$(inherited)",
				);
				INFOPLIST_FILE = DeiveTests/Info.plist;
				LD_RUNPATH_SEARCH_PATHS = "$(inherited) @executable_path/Frameworks @loader_path/Frameworks";
				PRODUCT_NAME = "$(TARGET_NAME)";
				TEST_HOST = "$(BUILT_PRODUCTS_DIR)/Deive.app/Deive";
			};
			name = Debug;
		};
		186EF9751B7FB4C800AF9A57 /* Release */ = {
			isa = XCBuildConfiguration;
			buildSettings = {
				BUNDLE_LOADER = "$(TEST_HOST)";
				FRAMEWORK_SEARCH_PATHS = (
					"$(SDKROOT)/Developer/Library/Frameworks",
					"$(inherited)",
				);
				INFOPLIST_FILE = DeiveTests/Info.plist;
				LD_RUNPATH_SEARCH_PATHS = "$(inherited) @executable_path/Frameworks @loader_path/Frameworks";
				PRODUCT_NAME = "$(TARGET_NAME)";
				TEST_HOST = "$(BUILT_PRODUCTS_DIR)/Deive.app/Deive";
			};
			name = Release;
		};
/* End XCBuildConfiguration section */

/* Begin XCConfigurationList section */
		186EF94A1B7FB4C700AF9A57 /* Build configuration list for PBXProject "Deive" */ = {
			isa = XCConfigurationList;
			buildConfigurations = (
				186EF96E1B7FB4C800AF9A57 /* Debug */,
				186EF96F1B7FB4C800AF9A57 /* Release */,
			);
			defaultConfigurationIsVisible = 0;
			defaultConfigurationName = Release;
		};
		186EF9701B7FB4C800AF9A57 /* Build configuration list for PBXNativeTarget "Deive" */ = {
			isa = XCConfigurationList;
			buildConfigurations = (
				186EF9711B7FB4C800AF9A57 /* Debug */,
				186EF9721B7FB4C800AF9A57 /* Release */,
			);
			defaultConfigurationIsVisible = 0;
			defaultConfigurationName = Release;
		};
		186EF9731B7FB4C800AF9A57 /* Build configuration list for PBXNativeTarget "DeiveTests" */ = {
			isa = XCConfigurationList;
			buildConfigurations = (
				186EF9741B7FB4C800AF9A57 /* Debug */,
				186EF9751B7FB4C800AF9A57 /* Release */,
			);
			defaultConfigurationIsVisible = 0;
			defaultConfigurationName = Release;
		};
/* End XCConfigurationList section */
	};
	rootObject = 186EF9471B7FB4C700AF9A57 /* Project object */;
}
